
Microsoft Visual Studio Solution File, Format Version 12.00
# Visual Studio Version 16
VisualStudioVersion = 16.0.31005.135
MinimumVisualStudioVersion = 10.0.40219.1
Project("{FAE04EC0-301F-11D3-BF4B-00C04F79EFBC}") = "ObjectOrientedProgrammingTut", "ObjectOrientedProgrammingTut\ObjectOrientedProgrammingTut.csproj", "{A6A2F261-04DC-4C74-8CB2-39B6885ACA85}"
EndProject
Global
	GlobalSection(SolutionConfigurationPlatforms) = preSolution
		Debug|Any CPU = Debug|Any CPU
		Release|Any CPU = Release|Any CPU
	EndGlobalSection
	GlobalSection(ProjectConfigurationPlatforms) = postSolution
		{A6A2F261-04DC-4C74-8CB2-39B6885ACA85}.Debug|Any CPU.ActiveCfg = Debug|Any CPU
		{A6A2F261-04DC-4C74-8CB2-39B6885ACA85}.Debug|Any CPU.Build.0 = Debug|Any CPU
		{A6A2F261-04DC-4C74-8CB2-39B6885ACA85}.Release|Any CPU.ActiveCfg = Release|Any CPU
		{A6A2F261-04DC-4C74-8CB2-39B6885ACA85}.Release|Any CPU.Build.0 = Release|Any CPU
	EndGlobalSection
	GlobalSection(SolutionProperties) = preSolution
		HideSolutionNode = FALSE
	EndGlobalSection
	GlobalSection(ExtensibilityGlobals) = postSolution
		SolutionGuid = {08F85B01-102D-44CE-BE00-E65EDE2A5E83}
	EndGlobalSection
EndGlobal
